# This file was autogenerated by uv via the following command:
#    uv pip compile pyproject.toml -o requirements.cpu.lock
aiohttp==3.9.3
    # via fsspec
aiosignal==1.3.1
    # via aiohttp
alembic==1.13.1
    # via mlflow
aniso8601==9.0.1
    # via graphene
annotated-types==0.6.0
    # via pydantic
antlr4-python3-runtime==4.9.3
    # via
    #   hydra-core
    #   omegaconf
anyio==4.3.0
    # via httpx
attrs==23.2.0
    # via aiohttp
blinker==1.7.0
    # via flask
cachetools==5.3.3
    # via google-auth
captum==0.7.0
certifi==2022.12.7
    # via
    #   httpcore
    #   httpx
    #   requests
charset-normalizer==2.1.1
    # via requests
click==8.1.7
    # via
    #   flask
    #   mlflow
cloudpickle==3.0.0
    # via mlflow
contourpy==1.2.0
    # via matplotlib
cycler==0.12.1
    # via matplotlib
dgl==2.1.0
dnspython==2.6.1
    # via pymongo
docker==7.0.0
    # via mlflow
entrypoints==0.4
    # via mlflow
filelock==3.9.0
    # via torch
flask==3.0.2
    # via mlflow
fonttools==4.50.0
    # via matplotlib
frozenlist==1.4.1
    # via
    #   aiohttp
    #   aiosignal
fsspec==2023.4.0
    # via
    #   lightning
    #   pytorch-lightning
gitdb==4.0.11
    # via gitpython
gitpython==3.1.43
    # via mlflow
google-api-core==2.18.0
    # via
    #   google-cloud-core
    #   google-cloud-storage
google-auth==2.29.0
    # via
    #   google-api-core
    #   google-cloud-core
    #   google-cloud-storage
google-cloud-core==2.4.1
    # via google-cloud-storage
google-cloud-storage==2.16.0
google-crc32c==1.5.0
    # via
    #   google-cloud-storage
    #   google-resumable-media
google-resumable-media==2.7.0
    # via google-cloud-storage
googleapis-common-protos==1.63.0
    # via google-api-core
graphene==3.3
    # via mlflow
graphql-core==3.2.3
    # via
    #   graphene
    #   graphql-relay
graphql-relay==3.2.0
    # via graphene
greenlet==3.0.3
    # via sqlalchemy
gunicorn==21.2.0
    # via mlflow
h11==0.14.0
    # via httpcore
httpcore==1.0.5
    # via httpx
httpx==0.27.0
hydra-core==1.3.2
idna==3.4
    # via
    #   anyio
    #   httpx
    #   requests
    #   yarl
importlib-metadata==7.1.0
    # via mlflow
itsdangerous==2.1.2
    # via flask
jinja2==3.1.2
    # via
    #   flask
    #   mlflow
    #   torch
joblib==1.3.2
    # via scikit-learn
kiwisolver==1.4.5
    # via matplotlib
lightning==2.2.1
lightning-utilities==0.11.2
    # via
    #   lightning
    #   pytorch-lightning
    #   torchmetrics
mako==1.3.2
    # via alembic
markdown==3.6
    # via mlflow
markupsafe==2.1.3
    # via
    #   jinja2
    #   mako
    #   werkzeug
matplotlib==3.8.3
    # via
    #   captum
    #   mlflow
    #   seaborn
mlflow==2.11.3
mpmath==1.3.0
    # via sympy
multidict==6.0.5
    # via
    #   aiohttp
    #   yarl
nba-api==1.3.0
networkx==3.2.1
    # via
    #   dgl
    #   torch
numpy==1.26.3
    # via
    #   captum
    #   contourpy
    #   dgl
    #   lightning
    #   matplotlib
    #   mlflow
    #   nba-api
    #   pandas
    #   pyarrow
    #   pytorch-lightning
    #   scikit-learn
    #   scipy
    #   seaborn
    #   torchmetrics
omegaconf==2.3.0
    # via hydra-core
packaging==22.0
    # via
    #   docker
    #   gunicorn
    #   hydra-core
    #   lightning
    #   lightning-utilities
    #   matplotlib
    #   mlflow
    #   pytorch-lightning
    #   torchmetrics
pandas==2.2.1
    # via
    #   mlflow
    #   seaborn
pillow==10.2.0
    # via matplotlib
proto-plus==1.23.0
    # via google-api-core
protobuf==4.25.3
    # via
    #   google-api-core
    #   googleapis-common-protos
    #   mlflow
    #   proto-plus
psutil==5.9.8
    # via dgl
pyarrow==15.0.2
    # via mlflow
pyasn1==0.6.0
    # via
    #   pyasn1-modules
    #   rsa
pyasn1-modules==0.4.0
    # via google-auth
pydantic==2.6.4
pydantic-core==2.16.3
    # via pydantic
pymongo==4.6.3
pyparsing==3.1.2
    # via matplotlib
python-dateutil==2.9.0.post0
    # via
    #   matplotlib
    #   pandas
pytorch-lightning==2.2.1
    # via lightning
pytz==2024.1
    # via
    #   mlflow
    #   pandas
pyyaml==6.0.1
    # via
    #   lightning
    #   mlflow
    #   omegaconf
    #   pytorch-lightning
querystring-parser==1.2.4
    # via mlflow
requests==2.28.1
    # via
    #   dgl
    #   docker
    #   fsspec
    #   google-api-core
    #   google-cloud-storage
    #   mlflow
    #   nba-api
    #   torchdata
rsa==4.9
    # via google-auth
scikit-learn==1.4.1.post1
    # via mlflow
scipy==1.12.0
    # via
    #   dgl
    #   mlflow
    #   scikit-learn
seaborn==0.13.2
setuptools==69.2.0
    # via lightning-utilities
six==1.16.0
    # via
    #   python-dateutil
    #   querystring-parser
smmap==5.0.1
    # via gitdb
sniffio==1.3.1
    # via
    #   anyio
    #   httpx
sqlalchemy==2.0.29
    # via
    #   alembic
    #   mlflow
sqlparse==0.4.4
    # via mlflow
sympy==1.12
    # via torch
threadpoolctl==3.4.0
    # via scikit-learn
torch==2.0.1+cpu
    # via
    #   captum
    #   lightning
    #   pytorch-lightning
    #   torchdata
    #   torchmetrics
torchdata==0.7.1
    # via dgl
torchmetrics==1.0.3
    # via
    #   lightning
    #   pytorch-lightning
tqdm==4.64.1
    # via
    #   captum
    #   dgl
    #   lightning
    #   pytorch-lightning
typing-extensions==4.8.0
    # via
    #   alembic
    #   lightning
    #   lightning-utilities
    #   pydantic
    #   pydantic-core
    #   pytorch-lightning
    #   sqlalchemy
    #   torch
tzdata==2024.1
    # via pandas
urllib3==1.26.13
    # via
    #   docker
    #   requests
    #   torchdata
werkzeug==3.0.1
    # via flask
yarl==1.9.4
    # via aiohttp
zipp==3.18.1
    # via importlib-metadata
